
Microsoft Visual Studio Solution File, Format Version 12.00
# Visual Studio Version 17
VisualStudioVersion = 17.4.33103.184
MinimumVisualStudioVersion = 10.0.40219.1
Project("{9A19103F-16F7-4668-BE54-9A1E7A4F7556}") = "HackerRank", "src\HackerRank.csproj", "{C2F24068-2B22-4816-99FF-F966651CAC98}"
EndProject
Project("{9A19103F-16F7-4668-BE54-9A1E7A4F7556}") = "HackerRank.Console", "console\HackerRank.Console.csproj", "{DE15912A-45D4-49DD-A36D-7DCEF885011A}"
EndProject
Project("{9A19103F-16F7-4668-BE54-9A1E7A4F7556}") = "HackerRank.Tests", "tests\HackerRank.Tests.csproj", "{CCF9F243-E450-43AE-98CE-2911BDD5A5AD}"
EndProject
Global
	GlobalSection(SolutionConfigurationPlatforms) = preSolution
		Debug|Any CPU = Debug|Any CPU
		Release|Any CPU = Release|Any CPU
	EndGlobalSection
	GlobalSection(ProjectConfigurationPlatforms) = postSolution
		{C2F24068-2B22-4816-99FF-F966651CAC98}.Debug|Any CPU.ActiveCfg = Debug|Any CPU
		{C2F24068-2B22-4816-99FF-F966651CAC98}.Debug|Any CPU.Build.0 = Debug|Any CPU
		{C2F24068-2B22-4816-99FF-F966651CAC98}.Release|Any CPU.ActiveCfg = Release|Any CPU
		{C2F24068-2B22-4816-99FF-F966651CAC98}.Release|Any CPU.Build.0 = Release|Any CPU
		{DE15912A-45D4-49DD-A36D-7DCEF885011A}.Debug|Any CPU.ActiveCfg = Debug|Any CPU
		{DE15912A-45D4-49DD-A36D-7DCEF885011A}.Debug|Any CPU.Build.0 = Debug|Any CPU
		{DE15912A-45D4-49DD-A36D-7DCEF885011A}.Release|Any CPU.ActiveCfg = Release|Any CPU
		{DE15912A-45D4-49DD-A36D-7DCEF885011A}.Release|Any CPU.Build.0 = Release|Any CPU
		{CCF9F243-E450-43AE-98CE-2911BDD5A5AD}.Debug|Any CPU.ActiveCfg = Debug|Any CPU
		{CCF9F243-E450-43AE-98CE-2911BDD5A5AD}.Debug|Any CPU.Build.0 = Debug|Any CPU
		{CCF9F243-E450-43AE-98CE-2911BDD5A5AD}.Release|Any CPU.ActiveCfg = Release|Any CPU
		{CCF9F243-E450-43AE-98CE-2911BDD5A5AD}.Release|Any CPU.Build.0 = Release|Any CPU
	EndGlobalSection
	GlobalSection(SolutionProperties) = preSolution
		HideSolutionNode = FALSE
	EndGlobalSection
	GlobalSection(ExtensibilityGlobals) = postSolution
		SolutionGuid = {686F851D-4C86-4A82-8DC9-05991947EC19}
	EndGlobalSection
EndGlobal
